// !$*UTF8*$!
{
	archiveVersion = 1;
	classes = {
	};
	objectVersion = 50;
	objects = {

/* Begin PBXBuildFile section */
		39760ED4268EA8CC00C98A3B /* FavoriteButton.swift in Sources */ = {isa = PBXBuildFile; fileRef = 39760ED3268EA8CC00C98A3B /* FavoriteButton.swift */; };
		39760ED5268EA8CC00C98A3B /* FavoriteButton.swift in Sources */ = {isa = PBXBuildFile; fileRef = 39760ED3268EA8CC00C98A3B /* FavoriteButton.swift */; };
		399D14DA268CA8D50069EC6B /* Tests_iOS.swift in Sources */ = {isa = PBXBuildFile; fileRef = 399D14D9268CA8D50069EC6B /* Tests_iOS.swift */; };
		399D14E5268CA8D50069EC6B /* Tests_macOS.swift in Sources */ = {isa = PBXBuildFile; fileRef = 399D14E4268CA8D50069EC6B /* Tests_macOS.swift */; };
		399D14E7268CA8D50069EC6B /* test_appApp.swift in Sources */ = {isa = PBXBuildFile; fileRef = 399D14BE268CA8D30069EC6B /* test_appApp.swift */; };
		399D14E8268CA8D50069EC6B /* test_appApp.swift in Sources */ = {isa = PBXBuildFile; fileRef = 399D14BE268CA8D30069EC6B /* test_appApp.swift */; };
		399D14E9268CA8D50069EC6B /* ContentView.swift in Sources */ = {isa = PBXBuildFile; fileRef = 399D14BF268CA8D30069EC6B /* ContentView.swift */; };
		399D14EA268CA8D50069EC6B /* ContentView.swift in Sources */ = {isa = PBXBuildFile; fileRef = 399D14BF268CA8D30069EC6B /* ContentView.swift */; };
		399D14EB268CA8D50069EC6B /* Assets.xcassets in Resources */ = {isa = PBXBuildFile; fileRef = 399D14C0268CA8D50069EC6B /* Assets.xcassets */; };
		399D14EC268CA8D50069EC6B /* Assets.xcassets in Resources */ = {isa = PBXBuildFile; fileRef = 399D14C0268CA8D50069EC6B /* Assets.xcassets */; };
		399D14FF268D73810069EC6B /* CircleImage.swift in Sources */ = {isa = PBXBuildFile; fileRef = 399D14FE268D73810069EC6B /* CircleImage.swift */; };
		399D1500268D73810069EC6B /* CircleImage.swift in Sources */ = {isa = PBXBuildFile; fileRef = 399D14FE268D73810069EC6B /* CircleImage.swift */; };
		399D1502268D74340069EC6B /* MapView.swift in Sources */ = {isa = PBXBuildFile; fileRef = 399D1501268D74340069EC6B /* MapView.swift */; };
		399D1503268D74340069EC6B /* MapView.swift in Sources */ = {isa = PBXBuildFile; fileRef = 399D1501268D74340069EC6B /* MapView.swift */; };
		399D1505268D89830069EC6B /* Landmark.swift in Sources */ = {isa = PBXBuildFile; fileRef = 399D1504268D89830069EC6B /* Landmark.swift */; };
		399D1506268D89830069EC6B /* Landmark.swift in Sources */ = {isa = PBXBuildFile; fileRef = 399D1504268D89830069EC6B /* Landmark.swift */; };
		399D1516268D8AC50069EC6B /* umbagog@2x.jpg in Resources */ = {isa = PBXBuildFile; fileRef = 399D150B268D8AC50069EC6B /* umbagog@2x.jpg */; };
		399D1517268D8AC50069EC6B /* umbagog@2x.jpg in Resources */ = {isa = PBXBuildFile; fileRef = 399D150B268D8AC50069EC6B /* umbagog@2x.jpg */; };
		399D1518268D8AC50069EC6B /* twinlake@2x.jpg in Resources */ = {isa = PBXBuildFile; fileRef = 399D150C268D8AC50069EC6B /* twinlake@2x.jpg */; };
		399D1519268D8AC50069EC6B /* twinlake@2x.jpg in Resources */ = {isa = PBXBuildFile; fileRef = 399D150C268D8AC50069EC6B /* twinlake@2x.jpg */; };
		399D151A268D8AC50069EC6B /* chincoteague@2x.jpg in Resources */ = {isa = PBXBuildFile; fileRef = 399D150D268D8AC50069EC6B /* chincoteague@2x.jpg */; };
		399D151B268D8AC50069EC6B /* chincoteague@2x.jpg in Resources */ = {isa = PBXBuildFile; fileRef = 399D150D268D8AC50069EC6B /* chincoteague@2x.jpg */; };
		399D151C268D8AC50069EC6B /* lakemcdonald@2x.jpg in Resources */ = {isa = PBXBuildFile; fileRef = 399D150E268D8AC50069EC6B /* lakemcdonald@2x.jpg */; };
		399D151D268D8AC50069EC6B /* lakemcdonald@2x.jpg in Resources */ = {isa = PBXBuildFile; fileRef = 399D150E268D8AC50069EC6B /* lakemcdonald@2x.jpg */; };
		399D151E268D8AC50069EC6B /* silversalmoncreek@2x.jpg in Resources */ = {isa = PBXBuildFile; fileRef = 399D150F268D8AC50069EC6B /* silversalmoncreek@2x.jpg */; };
		399D151F268D8AC50069EC6B /* silversalmoncreek@2x.jpg in Resources */ = {isa = PBXBuildFile; fileRef = 399D150F268D8AC50069EC6B /* silversalmoncreek@2x.jpg */; };
		399D1520268D8AC50069EC6B /* icybay@2x.jpg in Resources */ = {isa = PBXBuildFile; fileRef = 399D1510268D8AC50069EC6B /* icybay@2x.jpg */; };
		399D1521268D8AC50069EC6B /* icybay@2x.jpg in Resources */ = {isa = PBXBuildFile; fileRef = 399D1510268D8AC50069EC6B /* icybay@2x.jpg */; };
		399D1522268D8AC50069EC6B /* hiddenlake@2x.jpg in Resources */ = {isa = PBXBuildFile; fileRef = 399D1511268D8AC50069EC6B /* hiddenlake@2x.jpg */; };
		399D1523268D8AC50069EC6B /* hiddenlake@2x.jpg in Resources */ = {isa = PBXBuildFile; fileRef = 399D1511268D8AC50069EC6B /* hiddenlake@2x.jpg */; };
		399D1524268D8AC50069EC6B /* chilkoottrail@2x.jpg in Resources */ = {isa = PBXBuildFile; fileRef = 399D1512268D8AC50069EC6B /* chilkoottrail@2x.jpg */; };
		399D1525268D8AC50069EC6B /* chilkoottrail@2x.jpg in Resources */ = {isa = PBXBuildFile; fileRef = 399D1512268D8AC50069EC6B /* chilkoottrail@2x.jpg */; };
		399D1526268D8AC50069EC6B /* stmarylake@2x.jpg in Resources */ = {isa = PBXBuildFile; fileRef = 399D1513268D8AC50069EC6B /* stmarylake@2x.jpg */; };
		399D1527268D8AC50069EC6B /* stmarylake@2x.jpg in Resources */ = {isa = PBXBuildFile; fileRef = 399D1513268D8AC50069EC6B /* stmarylake@2x.jpg */; };
		399D1528268D8AC50069EC6B /* charleyrivers@2x.jpg in Resources */ = {isa = PBXBuildFile; fileRef = 399D1514268D8AC50069EC6B /* charleyrivers@2x.jpg */; };
		399D1529268D8AC50069EC6B /* charleyrivers@2x.jpg in Resources */ = {isa = PBXBuildFile; fileRef = 399D1514268D8AC50069EC6B /* charleyrivers@2x.jpg */; };
		399D152A268D8AC50069EC6B /* rainbowlake@2x.jpg in Resources */ = {isa = PBXBuildFile; fileRef = 399D1515268D8AC50069EC6B /* rainbowlake@2x.jpg */; };
		399D152B268D8AC50069EC6B /* rainbowlake@2x.jpg in Resources */ = {isa = PBXBuildFile; fileRef = 399D1515268D8AC50069EC6B /* rainbowlake@2x.jpg */; };
		399D152D268D8C380069EC6B /* ModelData.swift in Sources */ = {isa = PBXBuildFile; fileRef = 399D152C268D8C380069EC6B /* ModelData.swift */; };
		399D152E268D8C380069EC6B /* ModelData.swift in Sources */ = {isa = PBXBuildFile; fileRef = 399D152C268D8C380069EC6B /* ModelData.swift */; };
		399D1532268D8F840069EC6B /* LandmarkRow.swift in Sources */ = {isa = PBXBuildFile; fileRef = 399D1531268D8F840069EC6B /* LandmarkRow.swift */; };
		399D1533268D8F840069EC6B /* LandmarkRow.swift in Sources */ = {isa = PBXBuildFile; fileRef = 399D1531268D8F840069EC6B /* LandmarkRow.swift */; };
		399D1535268D95600069EC6B /* landmarkData.json in Resources */ = {isa = PBXBuildFile; fileRef = 399D1509268D8A440069EC6B /* landmarkData.json */; };
		399D1536268D95610069EC6B /* landmarkData.json in Resources */ = {isa = PBXBuildFile; fileRef = 399D1509268D8A440069EC6B /* landmarkData.json */; };
		399D1538268D97100069EC6B /* LandmarkList.swift in Sources */ = {isa = PBXBuildFile; fileRef = 399D1537268D97100069EC6B /* LandmarkList.swift */; };
		399D1539268D97100069EC6B /* LandmarkList.swift in Sources */ = {isa = PBXBuildFile; fileRef = 399D1537268D97100069EC6B /* LandmarkList.swift */; };
		399D153B268DA2B30069EC6B /* LandmarkDetail.swift in Sources */ = {isa = PBXBuildFile; fileRef = 399D153A268DA2B30069EC6B /* LandmarkDetail.swift */; };
		399D153C268DA2B30069EC6B /* LandmarkDetail.swift in Sources */ = {isa = PBXBuildFile; fileRef = 399D153A268DA2B30069EC6B /* LandmarkDetail.swift */; };
/* End PBXBuildFile section */

/* Begin PBXContainerItemProxy section */
		399D14D6268CA8D50069EC6B /* PBXContainerItemProxy */ = {
			isa = PBXContainerItemProxy;
			containerPortal = 399D14B9268CA8D30069EC6B /* Project object */;
			proxyType = 1;
			remoteGlobalIDString = 399D14C4268CA8D50069EC6B;
			remoteInfo = "test_app (iOS)";
		};
		399D14E1268CA8D50069EC6B /* PBXContainerItemProxy */ = {
			isa = PBXContainerItemProxy;
			containerPortal = 399D14B9268CA8D30069EC6B /* Project object */;
			proxyType = 1;
			remoteGlobalIDString = 399D14CC268CA8D50069EC6B;
			remoteInfo = "test_app (macOS)";
		};
/* End PBXContainerItemProxy section */

/* Begin PBXFileReference section */
		39760ED3268EA8CC00C98A3B /* FavoriteButton.swift */ = {isa = PBXFileReference; lastKnownFileType = sourcecode.swift; path = FavoriteButton.swift; sourceTree = "<group>"; };
		399D14BE268CA8D30069EC6B /* test_appApp.swift */ = {isa = PBXFileReference; lastKnownFileType = sourcecode.swift; path = test_appApp.swift; sourceTree = "<group>"; };
		399D14BF268CA8D30069EC6B /* ContentView.swift */ = {isa = PBXFileReference; lastKnownFileType = sourcecode.swift; path = ContentView.swift; sourceTree = "<group>"; };
		399D14C0268CA8D50069EC6B /* Assets.xcassets */ = {isa = PBXFileReference; lastKnownFileType = folder.assetcatalog; path = Assets.xcassets; sourceTree = "<group>"; };
		399D14C5268CA8D50069EC6B /* test_app.app */ = {isa = PBXFileReference; explicitFileType = wrapper.application; includeInIndex = 0; path = test_app.app; sourceTree = BUILT_PRODUCTS_DIR; };
		399D14C8268CA8D50069EC6B /* Info.plist */ = {isa = PBXFileReference; lastKnownFileType = text.plist.xml; path = Info.plist; sourceTree = "<group>"; };
		399D14CD268CA8D50069EC6B /* test_app.app */ = {isa = PBXFileReference; explicitFileType = wrapper.application; includeInIndex = 0; path = test_app.app; sourceTree = BUILT_PRODUCTS_DIR; };
		399D14CF268CA8D50069EC6B /* Info.plist */ = {isa = PBXFileReference; lastKnownFileType = text.plist.xml; path = Info.plist; sourceTree = "<group>"; };
		399D14D0268CA8D50069EC6B /* macOS.entitlements */ = {isa = PBXFileReference; lastKnownFileType = text.plist.entitlements; path = macOS.entitlements; sourceTree = "<group>"; };
		399D14D5268CA8D50069EC6B /* Tests iOS.xctest */ = {isa = PBXFileReference; explicitFileType = wrapper.cfbundle; includeInIndex = 0; path = "Tests iOS.xctest"; sourceTree = BUILT_PRODUCTS_DIR; };
		399D14D9268CA8D50069EC6B /* Tests_iOS.swift */ = {isa = PBXFileReference; lastKnownFileType = sourcecode.swift; path = Tests_iOS.swift; sourceTree = "<group>"; };
		399D14DB268CA8D50069EC6B /* Info.plist */ = {isa = PBXFileReference; lastKnownFileType = text.plist.xml; path = Info.plist; sourceTree = "<group>"; };
		399D14E0268CA8D50069EC6B /* Tests macOS.xctest */ = {isa = PBXFileReference; explicitFileType = wrapper.cfbundle; includeInIndex = 0; path = "Tests macOS.xctest"; sourceTree = BUILT_PRODUCTS_DIR; };
		399D14E4268CA8D50069EC6B /* Tests_macOS.swift */ = {isa = PBXFileReference; lastKnownFileType = sourcecode.swift; path = Tests_macOS.swift; sourceTree = "<group>"; };
		399D14E6268CA8D50069EC6B /* Info.plist */ = {isa = PBXFileReference; lastKnownFileType = text.plist.xml; path = Info.plist; sourceTree = "<group>"; };
		399D14FE268D73810069EC6B /* CircleImage.swift */ = {isa = PBXFileReference; lastKnownFileType = sourcecode.swift; path = CircleImage.swift; sourceTree = "<group>"; };
		399D1501268D74340069EC6B /* MapView.swift */ = {isa = PBXFileReference; lastKnownFileType = sourcecode.swift; path = MapView.swift; sourceTree = "<group>"; };
		399D1504268D89830069EC6B /* Landmark.swift */ = {isa = PBXFileReference; lastKnownFileType = sourcecode.swift; path = Landmark.swift; sourceTree = "<group>"; };
		399D1509268D8A440069EC6B /* landmarkData.json */ = {isa = PBXFileReference; lastKnownFileType = text.json; path = landmarkData.json; sourceTree = "<group>"; };
		399D150B268D8AC50069EC6B /* umbagog@2x.jpg */ = {isa = PBXFileReference; lastKnownFileType = image.jpeg; path = "umbagog@2x.jpg"; sourceTree = "<group>"; };
		399D150C268D8AC50069EC6B /* twinlake@2x.jpg */ = {isa = PBXFileReference; lastKnownFileType = image.jpeg; path = "twinlake@2x.jpg"; sourceTree = "<group>"; };
		399D150D268D8AC50069EC6B /* chincoteague@2x.jpg */ = {isa = PBXFileReference; lastKnownFileType = image.jpeg; path = "chincoteague@2x.jpg"; sourceTree = "<group>"; };
		399D150E268D8AC50069EC6B /* lakemcdonald@2x.jpg */ = {isa = PBXFileReference; lastKnownFileType = image.jpeg; path = "lakemcdonald@2x.jpg"; sourceTree = "<group>"; };
		399D150F268D8AC50069EC6B /* silversalmoncreek@2x.jpg */ = {isa = PBXFileReference; lastKnownFileType = image.jpeg; path = "silversalmoncreek@2x.jpg"; sourceTree = "<group>"; };
		399D1510268D8AC50069EC6B /* icybay@2x.jpg */ = {isa = PBXFileReference; lastKnownFileType = image.jpeg; path = "icybay@2x.jpg"; sourceTree = "<group>"; };
		399D1511268D8AC50069EC6B /* hiddenlake@2x.jpg */ = {isa = PBXFileReference; lastKnownFileType = image.jpeg; path = "hiddenlake@2x.jpg"; sourceTree = "<group>"; };
		399D1512268D8AC50069EC6B /* chilkoottrail@2x.jpg */ = {isa = PBXFileReference; lastKnownFileType = image.jpeg; path = "chilkoottrail@2x.jpg"; sourceTree = "<group>"; };
		399D1513268D8AC50069EC6B /* stmarylake@2x.jpg */ = {isa = PBXFileReference; lastKnownFileType = image.jpeg; path = "stmarylake@2x.jpg"; sourceTree = "<group>"; };
		399D1514268D8AC50069EC6B /* charleyrivers@2x.jpg */ = {isa = PBXFileReference; lastKnownFileType = image.jpeg; path = "charleyrivers@2x.jpg"; sourceTree = "<group>"; };
		399D1515268D8AC50069EC6B /* rainbowlake@2x.jpg */ = {isa = PBXFileReference; lastKnownFileType = image.jpeg; path = "rainbowlake@2x.jpg"; sourceTree = "<group>"; };
		399D152C268D8C380069EC6B /* ModelData.swift */ = {isa = PBXFileReference; lastKnownFileType = sourcecode.swift; path = ModelData.swift; sourceTree = "<group>"; };
		399D1531268D8F840069EC6B /* LandmarkRow.swift */ = {isa = PBXFileReference; lastKnownFileType = sourcecode.swift; path = LandmarkRow.swift; sourceTree = "<group>"; };
		399D1537268D97100069EC6B /* LandmarkList.swift */ = {isa = PBXFileReference; lastKnownFileType = sourcecode.swift; path = LandmarkList.swift; sourceTree = "<group>"; };
		399D153A268DA2B30069EC6B /* LandmarkDetail.swift */ = {isa = PBXFileReference; lastKnownFileType = sourcecode.swift; path = LandmarkDetail.swift; sourceTree = "<group>"; };
/* End PBXFileReference section */

/* Begin PBXFrameworksBuildPhase section */
		399D14C2268CA8D50069EC6B /* Frameworks */ = {
			isa = PBXFrameworksBuildPhase;
			buildActionMask = 2147483647;
			files = (
			);
			runOnlyForDeploymentPostprocessing = 0;
		};
		399D14CA268CA8D50069EC6B /* Frameworks */ = {
			isa = PBXFrameworksBuildPhase;
			buildActionMask = 2147483647;
			files = (
			);
			runOnlyForDeploymentPostprocessing = 0;
		};
		399D14D2268CA8D50069EC6B /* Frameworks */ = {
			isa = PBXFrameworksBuildPhase;
			buildActionMask = 2147483647;
			files = (
			);
			runOnlyForDeploymentPostprocessing = 0;
		};
		399D14DD268CA8D50069EC6B /* Frameworks */ = {
			isa = PBXFrameworksBuildPhase;
			buildActionMask = 2147483647;
			files = (
			);
			runOnlyForDeploymentPostprocessing = 0;
		};
/* End PBXFrameworksBuildPhase section */

/* Begin PBXGroup section */
		39760ED6268EA9C000C98A3B /* Landmarks */ = {
			isa = PBXGroup;
			children = (
				399D1531268D8F840069EC6B /* LandmarkRow.swift */,
				399D1537268D97100069EC6B /* LandmarkList.swift */,
				399D153A268DA2B30069EC6B /* LandmarkDetail.swift */,
			);
			path = Landmarks;
			sourceTree = "<group>";
		};
		39760ED7268EA9C700C98A3B /* Helpers */ = {
			isa = PBXGroup;
			children = (
				399D14FE268D73810069EC6B /* CircleImage.swift */,
				399D1501268D74340069EC6B /* MapView.swift */,
				39760ED3268EA8CC00C98A3B /* FavoriteButton.swift */,
			);
			path = Helpers;
			sourceTree = "<group>";
		};
		399D14B8268CA8D30069EC6B = {
			isa = PBXGroup;
			children = (
				399D1508268D8A3C0069EC6B /* Resources */,
				399D14BD268CA8D30069EC6B /* Shared */,
				399D14C7268CA8D50069EC6B /* iOS */,
				399D14CE268CA8D50069EC6B /* macOS */,
				399D14D8268CA8D50069EC6B /* Tests iOS */,
				399D14E3268CA8D50069EC6B /* Tests macOS */,
				399D14C6268CA8D50069EC6B /* Products */,
			);
			sourceTree = "<group>";
		};
		399D14BD268CA8D30069EC6B /* Shared */ = {
			isa = PBXGroup;
			children = (
				399D1530268D8EFE0069EC6B /* Models */,
				399D152F268D8EF70069EC6B /* Views */,
				399D14C0268CA8D50069EC6B /* Assets.xcassets */,
			);
			path = Shared;
			sourceTree = "<group>";
		};
		399D14C6268CA8D50069EC6B /* Products */ = {
			isa = PBXGroup;
			children = (
				399D14C5268CA8D50069EC6B /* test_app.app */,
				399D14CD268CA8D50069EC6B /* test_app.app */,
				399D14D5268CA8D50069EC6B /* Tests iOS.xctest */,
				399D14E0268CA8D50069EC6B /* Tests macOS.xctest */,
			);
			name = Products;
			sourceTree = "<group>";
		};
		399D14C7268CA8D50069EC6B /* iOS */ = {
			isa = PBXGroup;
			children = (
				399D14C8268CA8D50069EC6B /* Info.plist */,
			);
			path = iOS;
			sourceTree = "<group>";
		};
		399D14CE268CA8D50069EC6B /* macOS */ = {
			isa = PBXGroup;
			children = (
				399D14CF268CA8D50069EC6B /* Info.plist */,
				399D14D0268CA8D50069EC6B /* macOS.entitlements */,
			);
			path = macOS;
			sourceTree = "<group>";
		};
		399D14D8268CA8D50069EC6B /* Tests iOS */ = {
			isa = PBXGroup;
			children = (
				399D14D9268CA8D50069EC6B /* Tests_iOS.swift */,
				399D14DB268CA8D50069EC6B /* Info.plist */,
			);
			path = "Tests iOS";
			sourceTree = "<group>";
		};
		399D14E3268CA8D50069EC6B /* Tests macOS */ = {
			isa = PBXGroup;
			children = (
				399D14E4268CA8D50069EC6B /* Tests_macOS.swift */,
				399D14E6268CA8D50069EC6B /* Info.plist */,
			);
			path = "Tests macOS";
			sourceTree = "<group>";
		};
		399D1508268D8A3C0069EC6B /* Resources */ = {
			isa = PBXGroup;
			children = (
				399D1509268D8A440069EC6B /* landmarkData.json */,
				399D150A268D8AC50069EC6B /* Images */,
			);
			path = Resources;
			sourceTree = "<group>";
		};
		399D150A268D8AC50069EC6B /* Images */ = {
			isa = PBXGroup;
			children = (
				399D150B268D8AC50069EC6B /* umbagog@2x.jpg */,
				399D150C268D8AC50069EC6B /* twinlake@2x.jpg */,
				399D150D268D8AC50069EC6B /* chincoteague@2x.jpg */,
				399D150E268D8AC50069EC6B /* lakemcdonald@2x.jpg */,
				399D150F268D8AC50069EC6B /* silversalmoncreek@2x.jpg */,
				399D1510268D8AC50069EC6B /* icybay@2x.jpg */,
				399D1511268D8AC50069EC6B /* hiddenlake@2x.jpg */,
				399D1512268D8AC50069EC6B /* chilkoottrail@2x.jpg */,
				399D1513268D8AC50069EC6B /* stmarylake@2x.jpg */,
				399D1514268D8AC50069EC6B /* charleyrivers@2x.jpg */,
				399D1515268D8AC50069EC6B /* rainbowlake@2x.jpg */,
			);
			path = Images;
			sourceTree = "<group>";
		};
		399D152F268D8EF70069EC6B /* Views */ = {
			isa = PBXGroup;
			children = (
				399D14BE268CA8D30069EC6B /* test_appApp.swift */,
				39760ED7268EA9C700C98A3B /* Helpers */,
				39760ED6268EA9C000C98A3B /* Landmarks */,
				399D14BF268CA8D30069EC6B /* ContentView.swift */,
			);
			path = Views;
			sourceTree = "<group>";
		};
		399D1530268D8EFE0069EC6B /* Models */ = {
			isa = PBXGroup;
			children = (
				399D1504268D89830069EC6B /* Landmark.swift */,
				399D152C268D8C380069EC6B /* ModelData.swift */,
			);
			path = Models;
			sourceTree = "<group>";
		};
/* End PBXGroup section */

/* Begin PBXNativeTarget section */
		399D14C4268CA8D50069EC6B /* test_app (iOS) */ = {
			isa = PBXNativeTarget;
			buildConfigurationList = 399D14EF268CA8D50069EC6B /* Build configuration list for PBXNativeTarget "test_app (iOS)" */;
			buildPhases = (
				399D14C1268CA8D50069EC6B /* Sources */,
				399D14C2268CA8D50069EC6B /* Frameworks */,
				399D14C3268CA8D50069EC6B /* Resources */,
			);
			buildRules = (
			);
			dependencies = (
			);
			name = "test_app (iOS)";
			productName = "test_app (iOS)";
			productReference = 399D14C5268CA8D50069EC6B /* test_app.app */;
			productType = "com.apple.product-type.application";
		};
		399D14CC268CA8D50069EC6B /* test_app (macOS) */ = {
			isa = PBXNativeTarget;
			buildConfigurationList = 399D14F2268CA8D50069EC6B /* Build configuration list for PBXNativeTarget "test_app (macOS)" */;
			buildPhases = (
				399D14C9268CA8D50069EC6B /* Sources */,
				399D14CA268CA8D50069EC6B /* Frameworks */,
				399D14CB268CA8D50069EC6B /* Resources */,
			);
			buildRules = (
			);
			dependencies = (
			);
			name = "test_app (macOS)";
			productName = "test_app (macOS)";
			productReference = 399D14CD268CA8D50069EC6B /* test_app.app */;
			productType = "com.apple.product-type.application";
		};
		399D14D4268CA8D50069EC6B /* Tests iOS */ = {
			isa = PBXNativeTarget;
			buildConfigurationList = 399D14F5268CA8D50069EC6B /* Build configuration list for PBXNativeTarget "Tests iOS" */;
			buildPhases = (
				399D14D1268CA8D50069EC6B /* Sources */,
				399D14D2268CA8D50069EC6B /* Frameworks */,
				399D14D3268CA8D50069EC6B /* Resources */,
			);
			buildRules = (
			);
			dependencies = (
				399D14D7268CA8D50069EC6B /* PBXTargetDependency */,
			);
			name = "Tests iOS";
			productName = "Tests iOS";
			productReference = 399D14D5268CA8D50069EC6B /* Tests iOS.xctest */;
			productType = "com.apple.product-type.bundle.ui-testing";
		};
		399D14DF268CA8D50069EC6B /* Tests macOS */ = {
			isa = PBXNativeTarget;
			buildConfigurationList = 399D14F8268CA8D50069EC6B /* Build configuration list for PBXNativeTarget "Tests macOS" */;
			buildPhases = (
				399D14DC268CA8D50069EC6B /* Sources */,
				399D14DD268CA8D50069EC6B /* Frameworks */,
				399D14DE268CA8D50069EC6B /* Resources */,
			);
			buildRules = (
			);
			dependencies = (
				399D14E2268CA8D50069EC6B /* PBXTargetDependency */,
			);
			name = "Tests macOS";
			productName = "Tests macOS";
			productReference = 399D14E0268CA8D50069EC6B /* Tests macOS.xctest */;
			productType = "com.apple.product-type.bundle.ui-testing";
		};
/* End PBXNativeTarget section */

/* Begin PBXProject section */
		399D14B9268CA8D30069EC6B /* Project object */ = {
			isa = PBXProject;
			attributes = {
				LastSwiftUpdateCheck = 1250;
				LastUpgradeCheck = 1250;
				TargetAttributes = {
					399D14C4268CA8D50069EC6B = {
						CreatedOnToolsVersion = 12.5.1;
					};
					399D14CC268CA8D50069EC6B = {
						CreatedOnToolsVersion = 12.5.1;
					};
					399D14D4268CA8D50069EC6B = {
						CreatedOnToolsVersion = 12.5.1;
						TestTargetID = 399D14C4268CA8D50069EC6B;
					};
					399D14DF268CA8D50069EC6B = {
						CreatedOnToolsVersion = 12.5.1;
						TestTargetID = 399D14CC268CA8D50069EC6B;
					};
				};
			};
			buildConfigurationList = 399D14BC268CA8D30069EC6B /* Build configuration list for PBXProject "test_app" */;
			compatibilityVersion = "Xcode 9.3";
			developmentRegion = en;
			hasScannedForEncodings = 0;
			knownRegions = (
				en,
				Base,
			);
			mainGroup = 399D14B8268CA8D30069EC6B;
			productRefGroup = 399D14C6268CA8D50069EC6B /* Products */;
			projectDirPath = "";
			projectRoot = "";
			targets = (
				399D14C4268CA8D50069EC6B /* test_app (iOS) */,
				399D14CC268CA8D50069EC6B /* test_app (macOS) */,
				399D14D4268CA8D50069EC6B /* Tests iOS */,
				399D14DF268CA8D50069EC6B /* Tests macOS */,
			);
		};
/* End PBXProject section */

/* Begin PBXResourcesBuildPhase section */
		399D14C3268CA8D50069EC6B /* Resources */ = {
			isa = PBXResourcesBuildPhase;
			buildActionMask = 2147483647;
			files = (
				399D1518268D8AC50069EC6B /* twinlake@2x.jpg in Resources */,
				399D14EB268CA8D50069EC6B /* Assets.xcassets in Resources */,
				399D151E268D8AC50069EC6B /* silversalmoncreek@2x.jpg in Resources */,
				399D1524268D8AC50069EC6B /* chilkoottrail@2x.jpg in Resources */,
				399D1535268D95600069EC6B /* landmarkData.json in Resources */,
				399D1522268D8AC50069EC6B /* hiddenlake@2x.jpg in Resources */,
				399D151C268D8AC50069EC6B /* lakemcdonald@2x.jpg in Resources */,
				399D1520268D8AC50069EC6B /* icybay@2x.jpg in Resources */,
				399D1516268D8AC50069EC6B /* umbagog@2x.jpg in Resources */,
				399D1528268D8AC50069EC6B /* charleyrivers@2x.jpg in Resources */,
				399D151A268D8AC50069EC6B /* chincoteague@2x.jpg in Resources */,
				399D152A268D8AC50069EC6B /* rainbowlake@2x.jpg in Resources */,
				399D1526268D8AC50069EC6B /* stmarylake@2x.jpg in Resources */,
			);
			runOnlyForDeploymentPostprocessing = 0;
		};
		399D14CB268CA8D50069EC6B /* Resources */ = {
			isa = PBXResourcesBuildPhase;
			buildActionMask = 2147483647;
			files = (
				399D1519268D8AC50069EC6B /* twinlake@2x.jpg in Resources */,
				399D14EC268CA8D50069EC6B /* Assets.xcassets in Resources */,
				399D151F268D8AC50069EC6B /* silversalmoncreek@2x.jpg in Resources */,
				399D1525268D8AC50069EC6B /* chilkoottrail@2x.jpg in Resources */,
				399D1536268D95610069EC6B /* landmarkData.json in Resources */,
				399D1523268D8AC50069EC6B /* hiddenlake@2x.jpg in Resources */,
				399D151D268D8AC50069EC6B /* lakemcdonald@2x.jpg in Resources */,
				399D1521268D8AC50069EC6B /* icybay@2x.jpg in Resources */,
				399D1517268D8AC50069EC6B /* umbagog@2x.jpg in Resources */,
				399D1529268D8AC50069EC6B /* charleyrivers@2x.jpg in Resources */,
				399D151B268D8AC50069EC6B /* chincoteague@2x.jpg in Resources */,
				399D152B268D8AC50069EC6B /* rainbowlake@2x.jpg in Resources */,
				399D1527268D8AC50069EC6B /* stmarylake@2x.jpg in Resources */,
			);
			runOnlyForDeploymentPostprocessing = 0;
		};
		399D14D3268CA8D50069EC6B /* Resources */ = {
			isa = PBXResourcesBuildPhase;
			buildActionMask = 2147483647;
			files = (
			);
			runOnlyForDeploymentPostprocessing = 0;
		};
		399D14DE268CA8D50069EC6B /* Resources */ = {
			isa = PBXResourcesBuildPhase;
			buildActionMask = 2147483647;
			files = (
			);
			runOnlyForDeploymentPostprocessing = 0;
		};
/* End PBXResourcesBuildPhase section */

/* Begin PBXSourcesBuildPhase section */
		399D14C1268CA8D50069EC6B /* Sources */ = {
			isa = PBXSourcesBuildPhase;
			buildActionMask = 2147483647;
			files = (
				399D14FF268D73810069EC6B /* CircleImage.swift in Sources */,
				399D1502268D74340069EC6B /* MapView.swift in Sources */,
				399D14E9268CA8D50069EC6B /* ContentView.swift in Sources */,
				39760ED4268EA8CC00C98A3B /* FavoriteButton.swift in Sources */,
				399D1538268D97100069EC6B /* LandmarkList.swift in Sources */,
				399D153B268DA2B30069EC6B /* LandmarkDetail.swift in Sources */,
				399D14E7268CA8D50069EC6B /* test_appApp.swift in Sources */,
				399D1505268D89830069EC6B /* Landmark.swift in Sources */,
				399D1532268D8F840069EC6B /* LandmarkRow.swift in Sources */,
				399D152D268D8C380069EC6B /* ModelData.swift in Sources */,
			);
			runOnlyForDeploymentPostprocessing = 0;
		};
		399D14C9268CA8D50069EC6B /* Sources */ = {
			isa = PBXSourcesBuildPhase;
			buildActionMask = 2147483647;
			files = (
				399D1500268D73810069EC6B /* CircleImage.swift in Sources */,
				399D1503268D74340069EC6B /* MapView.swift in Sources */,
				399D14EA268CA8D50069EC6B /* ContentView.swift in Sources */,
				39760ED5268EA8CC00C98A3B /* FavoriteButton.swift in Sources */,
				399D1539268D97100069EC6B /* LandmarkList.swift in Sources */,
				399D153C268DA2B30069EC6B /* LandmarkDetail.swift in Sources */,
				399D14E8268CA8D50069EC6B /* test_appApp.swift in Sources */,
				399D1506268D89830069EC6B /* Landmark.swift in Sources */,
				399D1533268D8F840069EC6B /* LandmarkRow.swift in Sources */,
				399D152E268D8C380069EC6B /* ModelData.swift in Sources */,
			);
			runOnlyForDeploymentPostprocessing = 0;
		};
		399D14D1268CA8D50069EC6B /* Sources */ = {
			isa = PBXSourcesBuildPhase;
			buildActionMask = 2147483647;
			files = (
				399D14DA268CA8D50069EC6B /* Tests_iOS.swift in Sources */,
			);
			runOnlyForDeploymentPostprocessing = 0;
		};
		399D14DC268CA8D50069EC6B /* Sources */ = {
			isa = PBXSourcesBuildPhase;
			buildActionMask = 2147483647;
			files = (
				399D14E5268CA8D50069EC6B /* Tests_macOS.swift in Sources */,
			);
			runOnlyForDeploymentPostprocessing = 0;
		};
/* End PBXSourcesBuildPhase section */

/* Begin PBXTargetDependency section */
		399D14D7268CA8D50069EC6B /* PBXTargetDependency */ = {
			isa = PBXTargetDependency;
			target = 399D14C4268CA8D50069EC6B /* test_app (iOS) */;
			targetProxy = 399D14D6268CA8D50069EC6B /* PBXContainerItemProxy */;
		};
		399D14E2268CA8D50069EC6B /* PBXTargetDependency */ = {
			isa = PBXTargetDependency;
			target = 399D14CC268CA8D50069EC6B /* test_app (macOS) */;
			targetProxy = 399D14E1268CA8D50069EC6B /* PBXContainerItemProxy */;
		};
/* End PBXTargetDependency section */

/* Begin XCBuildConfiguration section */
		399D14ED268CA8D50069EC6B /* Debug */ = {
			isa = XCBuildConfiguration;
			buildSettings = {
				ALWAYS_SEARCH_USER_PATHS = NO;
				CLANG_ANALYZER_NONNULL = YES;
				CLANG_ANALYZER_NUMBER_OBJECT_CONVERSION = YES_AGGRESSIVE;
				CLANG_CXX_LANGUAGE_STANDARD = "gnu++14";
				CLANG_CXX_LIBRARY = "libc++";
				CLANG_ENABLE_MODULES = YES;
				CLANG_ENABLE_OBJC_ARC = YES;
				CLANG_ENABLE_OBJC_WEAK = YES;
				CLANG_WARN_BLOCK_CAPTURE_AUTORELEASING = YES;
				CLANG_WARN_BOOL_CONVERSION = YES;
				CLANG_WARN_COMMA = YES;
				CLANG_WARN_CONSTANT_CONVERSION = YES;
				CLANG_WARN_DEPRECATED_OBJC_IMPLEMENTATIONS = YES;
				CLANG_WARN_DIRECT_OBJC_ISA_USAGE = YES_ERROR;
				CLANG_WARN_DOCUMENTATION_COMMENTS = YES;
				CLANG_WARN_EMPTY_BODY = YES;
				CLANG_WARN_ENUM_CONVERSION = YES;
				CLANG_WARN_INFINITE_RECURSION = YES;
				CLANG_WARN_INT_CONVERSION = YES;
				CLANG_WARN_NON_LITERAL_NULL_CONVERSION = YES;
				CLANG_WARN_OBJC_IMPLICIT_RETAIN_SELF = YES;
				CLANG_WARN_OBJC_LITERAL_CONVERSION = YES;
				CLANG_WARN_OBJC_ROOT_CLASS = YES_ERROR;
				CLANG_WARN_QUOTED_INCLUDE_IN_FRAMEWORK_HEADER = YES;
				CLANG_WARN_RANGE_LOOP_ANALYSIS = YES;
				CLANG_WARN_STRICT_PROTOTYPES = YES;
				CLANG_WARN_SUSPICIOUS_MOVE = YES;
				CLANG_WARN_UNGUARDED_AVAILABILITY = YES_AGGRESSIVE;
				CLANG_WARN_UNREACHABLE_CODE = YES;
				CLANG_WARN__DUPLICATE_METHOD_MATCH = YES;
				COPY_PHASE_STRIP = NO;
				DEBUG_INFORMATION_FORMAT = dwarf;
				ENABLE_STRICT_OBJC_MSGSEND = YES;
				ENABLE_TESTABILITY = YES;
				GCC_C_LANGUAGE_STANDARD = gnu11;
				GCC_DYNAMIC_NO_PIC = NO;
				GCC_NO_COMMON_BLOCKS = YES;
				GCC_OPTIMIZATION_LEVEL = 0;
				GCC_PREPROCESSOR_DEFINITIONS = (
					"DEBUG=1",
					"$(inherited)",
				);
				GCC_WARN_64_TO_32_BIT_CONVERSION = YES;
				GCC_WARN_ABOUT_RETURN_TYPE = YES_ERROR;
				GCC_WARN_UNDECLARED_SELECTOR = YES;
				GCC_WARN_UNINITIALIZED_AUTOS = YES_AGGRESSIVE;
				GCC_WARN_UNUSED_FUNCTION = YES;
				GCC_WARN_UNUSED_VARIABLE = YES;
				MTL_ENABLE_DEBUG_INFO = INCLUDE_SOURCE;
				MTL_FAST_MATH = YES;
				ONLY_ACTIVE_ARCH = YES;
				SWIFT_ACTIVE_COMPILATION_CONDITIONS = DEBUG;
				SWIFT_OPTIMIZATION_LEVEL = "-Onone";
			};
			name = Debug;
		};
		399D14EE268CA8D50069EC6B /* Release */ = {
			isa = XCBuildConfiguration;
			buildSettings = {
				ALWAYS_SEARCH_USER_PATHS = NO;
				CLANG_ANALYZER_NONNULL = YES;
				CLANG_ANALYZER_NUMBER_OBJECT_CONVERSION = YES_AGGRESSIVE;
				CLANG_CXX_LANGUAGE_STANDARD = "gnu++14";
				CLANG_CXX_LIBRARY = "libc++";
				CLANG_ENABLE_MODULES = YES;
				CLANG_ENABLE_OBJC_ARC = YES;
				CLANG_ENABLE_OBJC_WEAK = YES;
				CLANG_WARN_BLOCK_CAPTURE_AUTORELEASING = YES;
				CLANG_WARN_BOOL_CONVERSION = YES;
				CLANG_WARN_COMMA = YES;
				CLANG_WARN_CONSTANT_CONVERSION = YES;
				CLANG_WARN_DEPRECATED_OBJC_IMPLEMENTATIONS = YES;
				CLANG_WARN_DIRECT_OBJC_ISA_USAGE = YES_ERROR;
				CLANG_WARN_DOCUMENTATION_COMMENTS = YES;
				CLANG_WARN_EMPTY_BODY = YES;
				CLANG_WARN_ENUM_CONVERSION = YES;
				CLANG_WARN_INFINITE_RECURSION = YES;
				CLANG_WARN_INT_CONVERSION = YES;
				CLANG_WARN_NON_LITERAL_NULL_CONVERSION = YES;
				CLANG_WARN_OBJC_IMPLICIT_RETAIN_SELF = YES;
				CLANG_WARN_OBJC_LITERAL_CONVERSION = YES;
				CLANG_WARN_OBJC_ROOT_CLASS = YES_ERROR;
				CLANG_WARN_QUOTED_INCLUDE_IN_FRAMEWORK_HEADER = YES;
				CLANG_WARN_RANGE_LOOP_ANALYSIS = YES;
				CLANG_WARN_STRICT_PROTOTYPES = YES;
				CLANG_WARN_SUSPICIOUS_MOVE = YES;
				CLANG_WARN_UNGUARDED_AVAILABILITY = YES_AGGRESSIVE;
				CLANG_WARN_UNREACHABLE_CODE = YES;
				CLANG_WARN__DUPLICATE_METHOD_MATCH = YES;
				COPY_PHASE_STRIP = NO;
				DEBUG_INFORMATION_FORMAT = "dwarf-with-dsym";
				ENABLE_NS_ASSERTIONS = NO;
				ENABLE_STRICT_OBJC_MSGSEND = YES;
				GCC_C_LANGUAGE_STANDARD = gnu11;
				GCC_NO_COMMON_BLOCKS = YES;
				GCC_WARN_64_TO_32_BIT_CONVERSION = YES;
				GCC_WARN_ABOUT_RETURN_TYPE = YES_ERROR;
				GCC_WARN_UNDECLARED_SELECTOR = YES;
				GCC_WARN_UNINITIALIZED_AUTOS = YES_AGGRESSIVE;
				GCC_WARN_UNUSED_FUNCTION = YES;
				GCC_WARN_UNUSED_VARIABLE = YES;
				MTL_ENABLE_DEBUG_INFO = NO;
				MTL_FAST_MATH = YES;
				SWIFT_COMPILATION_MODE = wholemodule;
				SWIFT_OPTIMIZATION_LEVEL = "-O";
			};
			name = Release;
		};
		399D14F0268CA8D50069EC6B /* Debug */ = {
			isa = XCBuildConfiguration;
			buildSettings = {
				ASSETCATALOG_COMPILER_APPICON_NAME = AppIcon;
				ASSETCATALOG_COMPILER_GLOBAL_ACCENT_COLOR_NAME = AccentColor;
				CODE_SIGN_STYLE = Automatic;
				ENABLE_PREVIEWS = YES;
				INFOPLIST_FILE = iOS/Info.plist;
				IPHONEOS_DEPLOYMENT_TARGET = 14.0;
				LD_RUNPATH_SEARCH_PATHS = (
					"$(inherited)",
					"@executable_path/Frameworks",
				);
				PRODUCT_BUNDLE_IDENTIFIER = "max.test-app";
				PRODUCT_NAME = test_app;
				SDKROOT = iphoneos;
				SWIFT_VERSION = 5.0;
				TARGETED_DEVICE_FAMILY = "1,2";
			};
			name = Debug;
		};
		399D14F1268CA8D50069EC6B /* Release */ = {
			isa = XCBuildConfiguration;
			buildSettings = {
				ASSETCATALOG_COMPILER_APPICON_NAME = AppIcon;
				ASSETCATALOG_COMPILER_GLOBAL_ACCENT_COLOR_NAME = AccentColor;
				CODE_SIGN_STYLE = Automatic;
				ENABLE_PREVIEWS = YES;
				INFOPLIST_FILE = iOS/Info.plist;
				IPHONEOS_DEPLOYMENT_TARGET = 14.0;
				LD_RUNPATH_SEARCH_PATHS = (
					"$(inherited)",
					"@executable_path/Frameworks",
				);
				PRODUCT_BUNDLE_IDENTIFIER = "max.test-app";
				PRODUCT_NAME = test_app;
				SDKROOT = iphoneos;
				SWIFT_VERSION = 5.0;
				TARGETED_DEVICE_FAMILY = "1,2";
				VALIDATE_PRODUCT = YES;
			};
			name = Release;
		};
		399D14F3268CA8D50069EC6B /* Debug */ = {
			isa = XCBuildConfiguration;
			buildSettings = {
				ASSETCATALOG_COMPILER_APPICON_NAME = AppIcon;
				ASSETCATALOG_COMPILER_GLOBAL_ACCENT_COLOR_NAME = AccentColor;
				CODE_SIGN_ENTITLEMENTS = macOS/macOS.entitlements;
				CODE_SIGN_STYLE = Automatic;
				COMBINE_HIDPI_IMAGES = YES;
				ENABLE_PREVIEWS = YES;
				INFOPLIST_FILE = macOS/Info.plist;
				LD_RUNPATH_SEARCH_PATHS = (
					"$(inherited)",
					"@executable_path/../Frameworks",
				);
				MACOSX_DEPLOYMENT_TARGET = 11.0;
				PRODUCT_BUNDLE_IDENTIFIER = "max.test-app";
				PRODUCT_NAME = test_app;
				SDKROOT = macosx;
				SWIFT_VERSION = 5.0;
			};
			name = Debug;
		};
		399D14F4268CA8D50069EC6B /* Release */ = {
			isa = XCBuildConfiguration;
			buildSettings = {
				ASSETCATALOG_COMPILER_APPICON_NAME = AppIcon;
				ASSETCATALOG_COMPILER_GLOBAL_ACCENT_COLOR_NAME = AccentColor;
				CODE_SIGN_ENTITLEMENTS = macOS/macOS.entitlements;
				CODE_SIGN_STYLE = Automatic;
				COMBINE_HIDPI_IMAGES = YES;
				ENABLE_PREVIEWS = YES;
				INFOPLIST_FILE = macOS/Info.plist;
				LD_RUNPATH_SEARCH_PATHS = (
					"$(inherited)",
					"@executable_path/../Frameworks",
				);
				MACOSX_DEPLOYMENT_TARGET = 11.0;
				PRODUCT_BUNDLE_IDENTIFIER = "max.test-app";
				PRODUCT_NAME = test_app;
				SDKROOT = macosx;
				SWIFT_VERSION = 5.0;
			};
			name = Release;
		};
		399D14F6268CA8D50069EC6B /* Debug */ = {
			isa = XCBuildConfiguration;
			buildSettings = {
				ALWAYS_EMBED_SWIFT_STANDARD_LIBRARIES = YES;
				CODE_SIGN_STYLE = Automatic;
				INFOPLIST_FILE = "Tests iOS/Info.plist";
				IPHONEOS_DEPLOYMENT_TARGET = 14.5;
				LD_RUNPATH_SEARCH_PATHS = (
					"$(inherited)",
					"@executable_path/Frameworks",
					"@loader_path/Frameworks",
				);
				PRODUCT_BUNDLE_IDENTIFIER = "max.Tests-iOS";
				PRODUCT_NAME = "$(TARGET_NAME)";
				SDKROOT = iphoneos;
				SWIFT_VERSION = 5.0;
				TARGETED_DEVICE_FAMILY = "1,2";
				TEST_TARGET_NAME = "test_app (iOS)";
			};
			name = Debug;
		};
		399D14F7268CA8D50069EC6B /* Release */ = {
			isa = XCBuildConfiguration;
			buildSettings = {
				ALWAYS_EMBED_SWIFT_STANDARD_LIBRARIES = YES;
				CODE_SIGN_STYLE = Automatic;
				INFOPLIST_FILE = "Tests iOS/Info.plist";
				IPHONEOS_DEPLOYMENT_TARGET = 14.5;
				LD_RUNPATH_SEARCH_PATHS = (
					"$(inherited)",
					"@executable_path/Frameworks",
					"@loader_path/Frameworks",
				);
				PRODUCT_BUNDLE_IDENTIFIER = "max.Tests-iOS";
				PRODUCT_NAME = "$(TARGET_NAME)";
				SDKROOT = iphoneos;
				SWIFT_VERSION = 5.0;
				TARGETED_DEVICE_FAMILY = "1,2";
				TEST_TARGET_NAME = "test_app (iOS)";
				VALIDATE_PRODUCT = YES;
			};
			name = Release;
		};
		399D14F9268CA8D50069EC6B /* Debug */ = {
			isa = XCBuildConfiguration;
			buildSettings = {
				ALWAYS_EMBED_SWIFT_STANDARD_LIBRARIES = YES;
				CODE_SIGN_STYLE = Automatic;
				COMBINE_HIDPI_IMAGES = YES;
				INFOPLIST_FILE = "Tests macOS/Info.plist";
				LD_RUNPATH_SEARCH_PATHS = (
					"$(inherited)",
					"@executable_path/../Frameworks",
					"@loader_path/../Frameworks",
				);
				MACOSX_DEPLOYMENT_TARGET = 11.3;
				PRODUCT_BUNDLE_IDENTIFIER = "max.Tests-macOS";
				PRODUCT_NAME = "$(TARGET_NAME)";
				SDKROOT = macosx;
				SWIFT_VERSION = 5.0;
				TEST_TARGET_NAME = "test_app (macOS)";
			};
			name = Debug;
		};
		399D14FA268CA8D50069EC6B /* Release */ = {
			isa = XCBuildConfiguration;
			buildSettings = {
				ALWAYS_EMBED_SWIFT_STANDARD_LIBRARIES = YES;
				CODE_SIGN_STYLE = Automatic;
				COMBINE_HIDPI_IMAGES = YES;
				INFOPLIST_FILE = "Tests macOS/Info.plist";
				LD_RUNPATH_SEARCH_PATHS = (
					"$(inherited)",
					"@executable_path/../Frameworks",
					"@loader_path/../Frameworks",
				);
				MACOSX_DEPLOYMENT_TARGET = 11.3;
				PRODUCT_BUNDLE_IDENTIFIER = "max.Tests-macOS";
				PRODUCT_NAME = "$(TARGET_NAME)";
				SDKROOT = macosx;
				SWIFT_VERSION = 5.0;
				TEST_TARGET_NAME = "test_app (macOS)";
			};
			name = Release;
		};
/* End XCBuildConfiguration section */

/* Begin XCConfigurationList section */
		399D14BC268CA8D30069EC6B /* Build configuration list for PBXProject "test_app" */ = {
			isa = XCConfigurationList;
			buildConfigurations = (
				399D14ED268CA8D50069EC6B /* Debug */,
				399D14EE268CA8D50069EC6B /* Release */,
			);
			defaultConfigurationIsVisible = 0;
			defaultConfigurationName = Release;
		};
		399D14EF268CA8D50069EC6B /* Build configuration list for PBXNativeTarget "test_app (iOS)" */ = {
			isa = XCConfigurationList;
			buildConfigurations = (
				399D14F0268CA8D50069EC6B /* Debug */,
				399D14F1268CA8D50069EC6B /* Release */,
			);
			defaultConfigurationIsVisible = 0;
			defaultConfigurationName = Release;
		};
		399D14F2268CA8D50069EC6B /* Build configuration list for PBXNativeTarget "test_app (macOS)" */ = {
			isa = XCConfigurationList;
			buildConfigurations = (
				399D14F3268CA8D50069EC6B /* Debug */,
				399D14F4268CA8D50069EC6B /* Release */,
			);
			defaultConfigurationIsVisible = 0;
			defaultConfigurationName = Release;
		};
		399D14F5268CA8D50069EC6B /* Build configuration list for PBXNativeTarget "Tests iOS" */ = {
			isa = XCConfigurationList;
			buildConfigurations = (
				399D14F6268CA8D50069EC6B /* Debug */,
				399D14F7268CA8D50069EC6B /* Release */,
			);
			defaultConfigurationIsVisible = 0;
			defaultConfigurationName = Release;
		};
		399D14F8268CA8D50069EC6B /* Build configuration list for PBXNativeTarget "Tests macOS" */ = {
			isa = XCConfigurationList;
			buildConfigurations = (
				399D14F9268CA8D50069EC6B /* Debug */,
				399D14FA268CA8D50069EC6B /* Release */,
			);
			defaultConfigurationIsVisible = 0;
			defaultConfigurationName = Release;
		};
/* End XCConfigurationList section */
	};
	rootObject = 399D14B9268CA8D30069EC6B /* Project object */;
}
